{
  "version": 4,
  "terraform_version": "0.15.3",
  "serial": 405,
  "lineage": "6bbb1882-c498-1929-4210-2021afa59b86",
  "outputs": {
    "endpoint": {
      "value": "aws_eks_cluster.stack-eks.endpoint",
      "type": "string"
    },
    "kubeconfig-certificate-authority-data": {
      "value": "aws_eks_cluster.stack.certificate_authority[0].data",
      "type": "string"
    }
  },
  "resources": [
    {
      "mode": "data",
      "type": "aws_subnet_ids",
      "name": "stack",
      "provider": "provider[\"registry.terraform.io/hashicorp/aws\"]",
      "instances": [
        {
          "schema_version": 0,
          "attributes": {
            "filter": null,
            "id": "vpc-0a6b401bdcbbe1438",
            "ids": [
              "subnet-0622406ee4c8a6748",
              "subnet-0bf5ec09bb17953b5",
              "subnet-0bf60d5b95482d417"
            ],
            "tags": null,
            "vpc_id": "vpc-0a6b401bdcbbe1438"
          },
          "sensitive_attributes": []
        }
      ]
    },
    {
      "mode": "managed",
      "type": "aws_default_route_table",
      "name": "inet-route",
      "provider": "provider[\"registry.terraform.io/hashicorp/aws\"]",
      "instances": [
        {
          "schema_version": 0,
          "attributes": {
            "arn": "arn:aws:ec2:us-east-1:601467590780:route-table/rtb-0b48499e69e028cdd",
            "default_route_table_id": "rtb-0b48499e69e028cdd",
            "id": "rtb-0b48499e69e028cdd",
            "owner_id": "601467590780",
            "propagating_vgws": [],
            "route": [
              {
                "cidr_block": "0.0.0.0/0",
                "destination_prefix_list_id": "",
                "egress_only_gateway_id": "",
                "gateway_id": "igw-07bf155b89fb9d097",
                "instance_id": "",
                "ipv6_cidr_block": "",
                "nat_gateway_id": "",
                "network_interface_id": "",
                "transit_gateway_id": "",
                "vpc_endpoint_id": "",
                "vpc_peering_connection_id": ""
              }
            ],
            "tags": {},
            "tags_all": {},
            "vpc_id": "vpc-0a6b401bdcbbe1438"
          },
          "sensitive_attributes": [],
          "private": "bnVsbA==",
          "dependencies": [
            "aws_internet_gateway.inet-gw",
            "aws_vpc.stack"
          ]
        }
      ]
    },
    {
      "mode": "managed",
      "type": "aws_ecr_repository",
      "name": "stack",
      "provider": "provider[\"registry.terraform.io/hashicorp/aws\"]",
      "instances": [
        {
          "schema_version": 0,
          "attributes": {
            "arn": "arn:aws:ecr:us-east-1:601467590780:repository/stack",
            "encryption_configuration": [
              {
                "encryption_type": "AES256",
                "kms_key": ""
              }
            ],
            "id": "stack",
            "image_scanning_configuration": [
              {
                "scan_on_push": false
              }
            ],
            "image_tag_mutability": "MUTABLE",
            "name": "stack",
            "registry_id": "601467590780",
            "repository_url": "601467590780.dkr.ecr.us-east-1.amazonaws.com/stack",
            "tags": {},
            "tags_all": {},
            "timeouts": null
          },
          "sensitive_attributes": [],
          "private": "eyJlMmJmYjczMC1lY2FhLTExZTYtOGY4OC0zNDM2M2JjN2M0YzAiOnsiZGVsZXRlIjoxMjAwMDAwMDAwMDAwfX0="
        }
      ]
    },
    {
      "mode": "managed",
      "type": "aws_eip",
      "name": "nat-gw-1",
      "provider": "provider[\"registry.terraform.io/hashicorp/aws\"]",
      "instances": [
        {
          "schema_version": 0,
          "attributes": {
            "address": null,
            "allocation_id": null,
            "associate_with_private_ip": null,
            "association_id": "eipassoc-0a83239fac509b214",
            "carrier_ip": "",
            "customer_owned_ip": "",
            "customer_owned_ipv4_pool": "",
            "domain": "vpc",
            "id": "eipalloc-02518318d8bb2bd29",
            "instance": "",
            "network_border_group": "us-east-1",
            "network_interface": "eni-0215e7f41f9aa75b2",
            "private_dns": "ip-192-168-114-220.ec2.internal",
            "private_ip": "192.168.114.220",
            "public_dns": "ec2-54-160-50-67.compute-1.amazonaws.com",
            "public_ip": "54.160.50.67",
            "public_ipv4_pool": "amazon",
            "tags": {},
            "tags_all": {},
            "timeouts": null,
            "vpc": true
          },
          "sensitive_attributes": [],
          "private": "eyJlMmJmYjczMC1lY2FhLTExZTYtOGY4OC0zNDM2M2JjN2M0YzAiOnsiZGVsZXRlIjoxODAwMDAwMDAwMDAsInJlYWQiOjkwMDAwMDAwMDAwMCwidXBkYXRlIjozMDAwMDAwMDAwMDB9fQ=="
        }
      ]
    },
    {
      "mode": "managed",
      "type": "aws_eip",
      "name": "nat-gw-2",
      "provider": "provider[\"registry.terraform.io/hashicorp/aws\"]",
      "instances": [
        {
          "schema_version": 0,
          "attributes": {
            "address": null,
            "allocation_id": null,
            "associate_with_private_ip": null,
            "association_id": "eipassoc-08c646c19b56f7522",
            "carrier_ip": "",
            "customer_owned_ip": "",
            "customer_owned_ipv4_pool": "",
            "domain": "vpc",
            "id": "eipalloc-08f8c8bee008403f3",
            "instance": "",
            "network_border_group": "us-east-1",
            "network_interface": "eni-091be2baedf00bc07",
            "private_dns": "ip-192-168-165-44.ec2.internal",
            "private_ip": "192.168.165.44",
            "public_dns": "ec2-34-225-140-70.compute-1.amazonaws.com",
            "public_ip": "34.225.140.70",
            "public_ipv4_pool": "amazon",
            "tags": {},
            "tags_all": {},
            "timeouts": null,
            "vpc": true
          },
          "sensitive_attributes": [],
          "private": "eyJlMmJmYjczMC1lY2FhLTExZTYtOGY4OC0zNDM2M2JjN2M0YzAiOnsiZGVsZXRlIjoxODAwMDAwMDAwMDAsInJlYWQiOjkwMDAwMDAwMDAwMCwidXBkYXRlIjozMDAwMDAwMDAwMDB9fQ=="
        }
      ]
    },
    {
      "mode": "managed",
      "type": "aws_eip",
      "name": "nat-gw-3",
      "provider": "provider[\"registry.terraform.io/hashicorp/aws\"]",
      "instances": [
        {
          "schema_version": 0,
          "attributes": {
            "address": null,
            "allocation_id": null,
            "associate_with_private_ip": null,
            "association_id": "eipassoc-094aaab9ff6c77d43",
            "carrier_ip": "",
            "customer_owned_ip": "",
            "customer_owned_ipv4_pool": "",
            "domain": "vpc",
            "id": "eipalloc-03164e25e87df0b4a",
            "instance": "",
            "network_border_group": "us-east-1",
            "network_interface": "eni-0209dd38d08355f3d",
            "private_dns": "ip-192-168-212-122.ec2.internal",
            "private_ip": "192.168.212.122",
            "public_dns": "ec2-34-204-143-211.compute-1.amazonaws.com",
            "public_ip": "34.204.143.211",
            "public_ipv4_pool": "amazon",
            "tags": {},
            "tags_all": {},
            "timeouts": null,
            "vpc": true
          },
          "sensitive_attributes": [],
          "private": "eyJlMmJmYjczMC1lY2FhLTExZTYtOGY4OC0zNDM2M2JjN2M0YzAiOnsiZGVsZXRlIjoxODAwMDAwMDAwMDAsInJlYWQiOjkwMDAwMDAwMDAwMCwidXBkYXRlIjozMDAwMDAwMDAwMDB9fQ=="
        }
      ]
    },
    {
      "mode": "managed",
      "type": "aws_eks_cluster",
      "name": "stack-eks",
      "provider": "provider[\"registry.terraform.io/hashicorp/aws\"]",
      "instances": [
        {
          "schema_version": 0,
          "attributes": {
            "arn": "arn:aws:eks:us-east-1:601467590780:cluster/stack-cluster",
            "certificate_authority": [
              {
                "data": "LS0tLS1CRUdJTiBDRVJUSUZJQ0FURS0tLS0tCk1JSUM1ekNDQWMrZ0F3SUJBZ0lCQURBTkJna3Foa2lHOXcwQkFRc0ZBREFWTVJNd0VRWURWUVFERXdwcmRXSmwKY201bGRHVnpNQjRYRFRJeE1EWXdNekUzTVRVeE5Gb1hEVE14TURZd01URTNNVFV4TkZvd0ZURVRNQkVHQTFVRQpBeE1LYTNWaVpYSnVaWFJsY3pDQ0FTSXdEUVlKS29aSWh2Y05BUUVCQlFBRGdnRVBBRENDQVFvQ2dnRUJBTm1JCktYSCtoczgzSERlZWRoU0lya3NuY1BRY2JMN3hrak5zMEVETWFrRmZSNWd6QTRGdlBtNTN4anhsU0x2RnRac3kKSnRVaWdPaGl4S2RKTXFwOEpXbmFJSzdaTnlkSGVod0FsQk82ZUExRFpnR2FCcDJxQ0VKaHlMWmpvYkErTFRPaQpBbVo2dUtlTFNmTDJzRjBQQzAwci8wVThKU0pxdlJYSC9VRGVRcGFPUlNTZjZ0L3JKUnpWRHpJVHJyZGx2UU9KCmdkb0hOM205bFZJdDY4QXZHakZhOTlCZldvbktTTzJYQnNHK3F0OENQRW5TWWt1Q0xYS0piOGR6QTNDb2dDZWsKcTlNL01yc0g3eHpLejZTTFh0L3d1cS9WNW1jUzhBTVQxUkJZellVOEg0bzcreTBpWCszMWltdXlnbHZKTnZJZApUOEdROHpUK1E5UnZxVDMxd2djQ0F3RUFBYU5DTUVBd0RnWURWUjBQQVFIL0JBUURBZ0trTUE4R0ExVWRFd0VCCi93UUZNQU1CQWY4d0hRWURWUjBPQkJZRUZOZlVqK3lQQURsWTNTYWRTZlVnQVU2VGVvV2RNQTBHQ1NxR1NJYjMKRFFFQkN3VUFBNElCQVFDZlB2MWZsT3A2U0RuOHFhRlZvV2pxZGtCZ0pQcXMxSHZQNnpQZ2tpNEkzZ2Vnd0VUKwpUREl4QU05YVdqY0dZdHNZcjBMNkQ5QmVDRTBLakNyOEFZTUZHL2V3dkZvU3NJa2habDhHdWd6WEdMQjM3UmNtClRmWTNYSlNPYzVDRWlwYXNYSEpjSUYwTGUxblArSlB4YmtDeGhPbStwdkYzZEZuWkVuUEYvUXpiQWU2ajUxNHIKek5reGNWUkVsSXh5a2t3OHdocVBGd0sxUWtwNzhPamVUdTFTcGR6ckNSVmNvcktybW5pMjRwb3dTSlBheFhOYQpSVXpydEwzUGRNQ0hDZmhxQmJucEhVaWxnaWNZdjB2VlFvWU5Gd3BZd1N1VEpkeXQ4VlFaZGwwdjFTS1pPTytQCmpCekd1bUtleWxKV1Q3QjFjSlJRTVlpZUJ3RGE2c0tndHU4eQotLS0tLUVORCBDRVJUSUZJQ0FURS0tLS0tCg=="
              }
            ],
            "created_at": "2021-06-03 17:08:51.888 +0000 UTC",
            "enabled_cluster_log_types": [],
            "encryption_config": [],
            "endpoint": "https://19BF8F8F966381A45C376F590F41B7A9.gr7.us-east-1.eks.amazonaws.com",
            "id": "stack-cluster",
            "identity": [
              {
                "oidc": [
                  {
                    "issuer": "https://oidc.eks.us-east-1.amazonaws.com/id/19BF8F8F966381A45C376F590F41B7A9"
                  }
                ]
              }
            ],
            "kubernetes_network_config": [
              {
                "service_ipv4_cidr": "10.100.0.0/16"
              }
            ],
            "name": "stack-cluster",
            "platform_version": "eks.5",
            "role_arn": "arn:aws:iam::601467590780:role/eks-cluster-stack",
            "status": "ACTIVE",
            "tags": {},
            "tags_all": {},
            "timeouts": null,
            "version": "1.19",
            "vpc_config": [
              {
                "cluster_security_group_id": "sg-0c3e082f1b614c01f",
                "endpoint_private_access": true,
                "endpoint_public_access": true,
                "public_access_cidrs": [
                  "0.0.0.0/0"
                ],
                "security_group_ids": [],
                "subnet_ids": [
                  "subnet-0622406ee4c8a6748",
                  "subnet-0bf5ec09bb17953b5",
                  "subnet-0bf60d5b95482d417"
                ],
                "vpc_id": "vpc-0a6b401bdcbbe1438"
              }
            ]
          },
          "sensitive_attributes": [],
          "private": "eyJlMmJmYjczMC1lY2FhLTExZTYtOGY4OC0zNDM2M2JjN2M0YzAiOnsiY3JlYXRlIjoxODAwMDAwMDAwMDAwLCJkZWxldGUiOjkwMDAwMDAwMDAwMCwidXBkYXRlIjozNjAwMDAwMDAwMDAwfX0=",
          "dependencies": [
            "aws_iam_role.stack-k8s-cluster",
            "aws_iam_role_policy_attachment.stack-AmazonEKSClusterPolicy",
            "aws_iam_role_policy_attachment.stack-AmazonEKSVPCResourceController",
            "aws_subnet.stack-1",
            "aws_subnet.stack-2",
            "aws_subnet.stack-3",
            "aws_vpc.stack",
            "data.aws_subnet_ids.stack"
          ]
        }
      ]
    },
    {
      "mode": "managed",
      "type": "aws_eks_node_group",
      "name": "stack-eks",
      "provider": "provider[\"registry.terraform.io/hashicorp/aws\"]",
      "instances": [
        {
          "schema_version": 0,
          "attributes": {
            "ami_type": "AL2_x86_64",
            "arn": "arn:aws:eks:us-east-1:601467590780:nodegroup/stack-cluster/stack-nodes/ccbce971-78d0-7b0e-a65d-1ce57651453e",
            "capacity_type": "ON_DEMAND",
            "cluster_name": "stack-cluster",
            "disk_size": 20,
            "force_update_version": null,
            "id": "stack-cluster:stack-nodes",
            "instance_types": [
              "t3.medium"
            ],
            "labels": {},
            "launch_template": [],
            "node_group_name": "stack-nodes",
            "node_group_name_prefix": "",
            "node_role_arn": "arn:aws:iam::601467590780:role/eks-worker-stack",
            "release_version": "1.19.6-20210526",
            "remote_access": [
              {
                "ec2_ssh_key": "mschenck-ec2",
                "source_security_group_ids": []
              }
            ],
            "resources": [
              {
                "autoscaling_groups": [
                  {
                    "name": "eks-ccbce971-78d0-7b0e-a65d-1ce57651453e"
                  }
                ],
                "remote_access_security_group_id": "sg-007295f59e54ac821"
              }
            ],
            "scaling_config": [
              {
                "desired_size": 1,
                "max_size": 1,
                "min_size": 1
              }
            ],
            "status": "ACTIVE",
            "subnet_ids": [
              "subnet-0622406ee4c8a6748",
              "subnet-0bf5ec09bb17953b5",
              "subnet-0bf60d5b95482d417"
            ],
            "tags": {},
            "tags_all": {},
            "taint": [],
            "timeouts": null,
            "version": "1.19"
          },
          "sensitive_attributes": [],
          "private": "eyJlMmJmYjczMC1lY2FhLTExZTYtOGY4OC0zNDM2M2JjN2M0YzAiOnsiY3JlYXRlIjozNjAwMDAwMDAwMDAwLCJkZWxldGUiOjM2MDAwMDAwMDAwMDAsInVwZGF0ZSI6MzYwMDAwMDAwMDAwMH19",
          "dependencies": [
            "aws_eks_cluster.stack-eks",
            "aws_iam_role.stack-k8s-worker",
            "aws_iam_role_policy_attachment.stack-AmazonEKSVPCResourceController",
            "aws_iam_role_policy_attachment.stack-AmazonEKSWorkerNodePolicy",
            "aws_iam_role_policy_attachment.stack-AmazonEKS_CNI_Policy",
            "aws_vpc.stack",
            "aws_iam_role.stack-k8s-cluster",
            "aws_iam_role_policy_attachment.stack-AmazonEC2ContainerRegistryReadOnly",
            "aws_iam_role_policy_attachment.stack-AmazonEKSClusterPolicy",
            "aws_subnet.stack-1",
            "aws_subnet.stack-2",
            "aws_subnet.stack-3",
            "data.aws_subnet_ids.stack"
          ]
        }
      ]
    },
    {
      "mode": "managed",
      "type": "aws_iam_group",
      "name": "k8sers",
      "provider": "provider[\"registry.terraform.io/hashicorp/aws\"]",
      "instances": [
        {
          "schema_version": 0,
          "attributes": {
            "arn": "arn:aws:iam::601467590780:group/k8sers/k8sers",
            "id": "k8sers",
            "name": "k8sers",
            "path": "/k8sers/",
            "unique_id": "AGPAYYCSDDB6EI3HMVVNZ"
          },
          "sensitive_attributes": [],
          "private": "bnVsbA=="
        }
      ]
    },
    {
      "mode": "managed",
      "type": "aws_iam_policy",
      "name": "k8s-api",
      "provider": "provider[\"registry.terraform.io/hashicorp/aws\"]",
      "instances": [
        {
          "schema_version": 0,
          "attributes": {
            "arn": "arn:aws:iam::601467590780:policy/k8s-api-access",
            "description": "Allow access to k8s API",
            "id": "arn:aws:iam::601467590780:policy/k8s-api-access",
            "name": "k8s-api-access",
            "name_prefix": null,
            "path": "/",
            "policy": "{\"Statement\":[{\"Action\":[\"eks:AccessKubernetesApi\"],\"Effect\":\"Allow\",\"Resource\":\"*\"}],\"Version\":\"2012-10-17\"}",
            "policy_id": "ANPAYYCSDDB6BIUCADLOY",
            "tags": null,
            "tags_all": {}
          },
          "sensitive_attributes": [],
          "private": "bnVsbA=="
        }
      ]
    },
    {
      "mode": "managed",
      "type": "aws_iam_policy_attachment",
      "name": "api-access",
      "provider": "provider[\"registry.terraform.io/hashicorp/aws\"]",
      "instances": [
        {
          "schema_version": 0,
          "attributes": {
            "groups": [
              "k8sers"
            ],
            "id": "k8s api access attachment",
            "name": "k8s api access attachment",
            "policy_arn": "arn:aws:iam::601467590780:policy/k8s-api-access",
            "roles": null,
            "users": null
          },
          "sensitive_attributes": [],
          "private": "bnVsbA==",
          "dependencies": [
            "aws_iam_group.k8sers",
            "aws_iam_policy.k8s-api"
          ]
        }
      ]
    },
    {
      "mode": "managed",
      "type": "aws_iam_role",
      "name": "stack-k8s-cluster",
      "provider": "provider[\"registry.terraform.io/hashicorp/aws\"]",
      "instances": [
        {
          "schema_version": 0,
          "attributes": {
            "arn": "arn:aws:iam::601467590780:role/eks-cluster-stack",
            "assume_role_policy": "{\"Version\":\"2012-10-17\",\"Statement\":[{\"Effect\":\"Allow\",\"Principal\":{\"Service\":\"eks.amazonaws.com\"},\"Action\":\"sts:AssumeRole\"}]}",
            "create_date": "2021-06-03T17:08:27Z",
            "description": "",
            "force_detach_policies": false,
            "id": "eks-cluster-stack",
            "inline_policy": [
              {
                "name": "",
                "policy": ""
              }
            ],
            "managed_policy_arns": [
              "arn:aws:iam::aws:policy/AmazonEKSClusterPolicy",
              "arn:aws:iam::aws:policy/AmazonEKSVPCResourceController"
            ],
            "max_session_duration": 3600,
            "name": "eks-cluster-stack",
            "name_prefix": null,
            "path": "/",
            "permissions_boundary": null,
            "tags": {},
            "tags_all": {},
            "unique_id": "AROAYYCSDDB6HSQLCETQY"
          },
          "sensitive_attributes": [],
          "private": "bnVsbA=="
        }
      ]
    },
    {
      "mode": "managed",
      "type": "aws_iam_role",
      "name": "stack-k8s-worker",
      "provider": "provider[\"registry.terraform.io/hashicorp/aws\"]",
      "instances": [
        {
          "schema_version": 0,
          "attributes": {
            "arn": "arn:aws:iam::601467590780:role/eks-worker-stack",
            "assume_role_policy": "{\"Version\":\"2012-10-17\",\"Statement\":[{\"Effect\":\"Allow\",\"Principal\":{\"Service\":\"ec2.amazonaws.com\"},\"Action\":\"sts:AssumeRole\"}]}",
            "create_date": "2021-06-03T17:08:27Z",
            "description": "",
            "force_detach_policies": false,
            "id": "eks-worker-stack",
            "inline_policy": [
              {
                "name": "",
                "policy": ""
              }
            ],
            "managed_policy_arns": [
              "arn:aws:iam::aws:policy/AmazonEC2ContainerRegistryReadOnly",
              "arn:aws:iam::aws:policy/AmazonEKSWorkerNodePolicy",
              "arn:aws:iam::aws:policy/AmazonEKS_CNI_Policy"
            ],
            "max_session_duration": 3600,
            "name": "eks-worker-stack",
            "name_prefix": null,
            "path": "/",
            "permissions_boundary": null,
            "tags": {},
            "tags_all": {},
            "unique_id": "AROAYYCSDDB6EPP24KPJT"
          },
          "sensitive_attributes": [],
          "private": "bnVsbA=="
        }
      ]
    },
    {
      "mode": "managed",
      "type": "aws_iam_role_policy_attachment",
      "name": "stack-AmazonEC2ContainerRegistryReadOnly",
      "provider": "provider[\"registry.terraform.io/hashicorp/aws\"]",
      "instances": [
        {
          "schema_version": 0,
          "attributes": {
            "id": "eks-worker-stack-20210603170828354300000004",
            "policy_arn": "arn:aws:iam::aws:policy/AmazonEC2ContainerRegistryReadOnly",
            "role": "eks-worker-stack"
          },
          "sensitive_attributes": [],
          "private": "bnVsbA==",
          "dependencies": [
            "aws_iam_role.stack-k8s-worker"
          ]
        }
      ]
    },
    {
      "mode": "managed",
      "type": "aws_iam_role_policy_attachment",
      "name": "stack-AmazonEKSClusterPolicy",
      "provider": "provider[\"registry.terraform.io/hashicorp/aws\"]",
      "instances": [
        {
          "schema_version": 0,
          "attributes": {
            "id": "eks-cluster-stack-20210603170828394600000005",
            "policy_arn": "arn:aws:iam::aws:policy/AmazonEKSClusterPolicy",
            "role": "eks-cluster-stack"
          },
          "sensitive_attributes": [],
          "private": "bnVsbA==",
          "dependencies": [
            "aws_iam_role.stack-k8s-cluster"
          ]
        }
      ]
    },
    {
      "mode": "managed",
      "type": "aws_iam_role_policy_attachment",
      "name": "stack-AmazonEKSVPCResourceController",
      "provider": "provider[\"registry.terraform.io/hashicorp/aws\"]",
      "instances": [
        {
          "schema_version": 0,
          "attributes": {
            "id": "eks-cluster-stack-20210603170828351000000002",
            "policy_arn": "arn:aws:iam::aws:policy/AmazonEKSVPCResourceController",
            "role": "eks-cluster-stack"
          },
          "sensitive_attributes": [],
          "private": "bnVsbA==",
          "dependencies": [
            "aws_iam_role.stack-k8s-cluster"
          ]
        }
      ]
    },
    {
      "mode": "managed",
      "type": "aws_iam_role_policy_attachment",
      "name": "stack-AmazonEKSWorkerNodePolicy",
      "provider": "provider[\"registry.terraform.io/hashicorp/aws\"]",
      "instances": [
        {
          "schema_version": 0,
          "attributes": {
            "id": "eks-worker-stack-20210603170828351500000003",
            "policy_arn": "arn:aws:iam::aws:policy/AmazonEKSWorkerNodePolicy",
            "role": "eks-worker-stack"
          },
          "sensitive_attributes": [],
          "private": "bnVsbA==",
          "dependencies": [
            "aws_iam_role.stack-k8s-worker"
          ]
        }
      ]
    },
    {
      "mode": "managed",
      "type": "aws_iam_role_policy_attachment",
      "name": "stack-AmazonEKS_CNI_Policy",
      "provider": "provider[\"registry.terraform.io/hashicorp/aws\"]",
      "instances": [
        {
          "schema_version": 0,
          "attributes": {
            "id": "eks-worker-stack-20210603170828349900000001",
            "policy_arn": "arn:aws:iam::aws:policy/AmazonEKS_CNI_Policy",
            "role": "eks-worker-stack"
          },
          "sensitive_attributes": [],
          "private": "bnVsbA==",
          "dependencies": [
            "aws_iam_role.stack-k8s-worker"
          ]
        }
      ]
    },
    {
      "mode": "managed",
      "type": "aws_internet_gateway",
      "name": "inet-gw",
      "provider": "provider[\"registry.terraform.io/hashicorp/aws\"]",
      "instances": [
        {
          "schema_version": 0,
          "attributes": {
            "arn": "arn:aws:ec2:us-east-1:601467590780:internet-gateway/igw-07bf155b89fb9d097",
            "id": "igw-07bf155b89fb9d097",
            "owner_id": "601467590780",
            "tags": {},
            "tags_all": {},
            "vpc_id": "vpc-0a6b401bdcbbe1438"
          },
          "sensitive_attributes": [],
          "private": "bnVsbA==",
          "dependencies": [
            "aws_vpc.stack"
          ]
        }
      ]
    },
    {
      "mode": "managed",
      "type": "aws_nat_gateway",
      "name": "stack-nat-gw-1",
      "provider": "provider[\"registry.terraform.io/hashicorp/aws\"]",
      "instances": [
        {
          "schema_version": 0,
          "attributes": {
            "allocation_id": "eipalloc-02518318d8bb2bd29",
            "id": "nat-0f1ab40818b3d3f5e",
            "network_interface_id": "eni-0215e7f41f9aa75b2",
            "private_ip": "192.168.114.220",
            "public_ip": "54.160.50.67",
            "subnet_id": "subnet-0622406ee4c8a6748",
            "tags": {},
            "tags_all": {}
          },
          "sensitive_attributes": [],
          "private": "bnVsbA==",
          "dependencies": [
            "aws_subnet.stack-1",
            "aws_vpc.stack",
            "aws_eip.nat-gw-1",
            "aws_internet_gateway.inet-gw"
          ]
        }
      ]
    },
    {
      "mode": "managed",
      "type": "aws_nat_gateway",
      "name": "stack-nat-gw-2",
      "provider": "provider[\"registry.terraform.io/hashicorp/aws\"]",
      "instances": [
        {
          "schema_version": 0,
          "attributes": {
            "allocation_id": "eipalloc-08f8c8bee008403f3",
            "id": "nat-05c5746c20240d2a8",
            "network_interface_id": "eni-091be2baedf00bc07",
            "private_ip": "192.168.165.44",
            "public_ip": "34.225.140.70",
            "subnet_id": "subnet-0bf5ec09bb17953b5",
            "tags": {},
            "tags_all": {}
          },
          "sensitive_attributes": [],
          "private": "bnVsbA==",
          "dependencies": [
            "aws_eip.nat-gw-2",
            "aws_internet_gateway.inet-gw",
            "aws_subnet.stack-2",
            "aws_vpc.stack"
          ]
        }
      ]
    },
    {
      "mode": "managed",
      "type": "aws_nat_gateway",
      "name": "stack-nat-gw-3",
      "provider": "provider[\"registry.terraform.io/hashicorp/aws\"]",
      "instances": [
        {
          "schema_version": 0,
          "attributes": {
            "allocation_id": "eipalloc-03164e25e87df0b4a",
            "id": "nat-07a7a0e3a05eddd20",
            "network_interface_id": "eni-0209dd38d08355f3d",
            "private_ip": "192.168.212.122",
            "public_ip": "34.204.143.211",
            "subnet_id": "subnet-0bf60d5b95482d417",
            "tags": {},
            "tags_all": {}
          },
          "sensitive_attributes": [],
          "private": "bnVsbA==",
          "dependencies": [
            "aws_eip.nat-gw-3",
            "aws_internet_gateway.inet-gw",
            "aws_subnet.stack-3",
            "aws_vpc.stack"
          ]
        }
      ]
    },
    {
      "mode": "managed",
      "type": "aws_subnet",
      "name": "stack-1",
      "provider": "provider[\"registry.terraform.io/hashicorp/aws\"]",
      "instances": [
        {
          "schema_version": 1,
          "attributes": {
            "arn": "arn:aws:ec2:us-east-1:601467590780:subnet/subnet-0622406ee4c8a6748",
            "assign_ipv6_address_on_creation": false,
            "availability_zone": "us-east-1a",
            "availability_zone_id": "use1-az4",
            "cidr_block": "192.168.64.0/18",
            "customer_owned_ipv4_pool": "",
            "id": "subnet-0622406ee4c8a6748",
            "ipv6_cidr_block": "",
            "ipv6_cidr_block_association_id": "",
            "map_customer_owned_ip_on_launch": false,
            "map_public_ip_on_launch": true,
            "outpost_arn": "",
            "owner_id": "601467590780",
            "tags": {
              "kubernetes.io/cluster/stack-cluster": "shared"
            },
            "tags_all": {
              "kubernetes.io/cluster/stack-cluster": "shared"
            },
            "timeouts": null,
            "vpc_id": "vpc-0a6b401bdcbbe1438"
          },
          "sensitive_attributes": [],
          "private": "eyJlMmJmYjczMC1lY2FhLTExZTYtOGY4OC0zNDM2M2JjN2M0YzAiOnsiY3JlYXRlIjo2MDAwMDAwMDAwMDAsImRlbGV0ZSI6MTIwMDAwMDAwMDAwMH0sInNjaGVtYV92ZXJzaW9uIjoiMSJ9",
          "dependencies": [
            "aws_vpc.stack"
          ]
        }
      ]
    },
    {
      "mode": "managed",
      "type": "aws_subnet",
      "name": "stack-2",
      "provider": "provider[\"registry.terraform.io/hashicorp/aws\"]",
      "instances": [
        {
          "schema_version": 1,
          "attributes": {
            "arn": "arn:aws:ec2:us-east-1:601467590780:subnet/subnet-0bf5ec09bb17953b5",
            "assign_ipv6_address_on_creation": false,
            "availability_zone": "us-east-1c",
            "availability_zone_id": "use1-az1",
            "cidr_block": "192.168.128.0/18",
            "customer_owned_ipv4_pool": "",
            "id": "subnet-0bf5ec09bb17953b5",
            "ipv6_cidr_block": "",
            "ipv6_cidr_block_association_id": "",
            "map_customer_owned_ip_on_launch": false,
            "map_public_ip_on_launch": true,
            "outpost_arn": "",
            "owner_id": "601467590780",
            "tags": {
              "kubernetes.io/cluster/stack-cluster": "shared"
            },
            "tags_all": {
              "kubernetes.io/cluster/stack-cluster": "shared"
            },
            "timeouts": null,
            "vpc_id": "vpc-0a6b401bdcbbe1438"
          },
          "sensitive_attributes": [],
          "private": "eyJlMmJmYjczMC1lY2FhLTExZTYtOGY4OC0zNDM2M2JjN2M0YzAiOnsiY3JlYXRlIjo2MDAwMDAwMDAwMDAsImRlbGV0ZSI6MTIwMDAwMDAwMDAwMH0sInNjaGVtYV92ZXJzaW9uIjoiMSJ9",
          "dependencies": [
            "aws_vpc.stack"
          ]
        }
      ]
    },
    {
      "mode": "managed",
      "type": "aws_subnet",
      "name": "stack-3",
      "provider": "provider[\"registry.terraform.io/hashicorp/aws\"]",
      "instances": [
        {
          "schema_version": 1,
          "attributes": {
            "arn": "arn:aws:ec2:us-east-1:601467590780:subnet/subnet-0bf60d5b95482d417",
            "assign_ipv6_address_on_creation": false,
            "availability_zone": "us-east-1e",
            "availability_zone_id": "use1-az2",
            "cidr_block": "192.168.192.0/18",
            "customer_owned_ipv4_pool": "",
            "id": "subnet-0bf60d5b95482d417",
            "ipv6_cidr_block": "",
            "ipv6_cidr_block_association_id": "",
            "map_customer_owned_ip_on_launch": false,
            "map_public_ip_on_launch": true,
            "outpost_arn": "",
            "owner_id": "601467590780",
            "tags": {
              "kubernetes.io/cluster/stack-cluster": "shared"
            },
            "tags_all": {
              "kubernetes.io/cluster/stack-cluster": "shared"
            },
            "timeouts": null,
            "vpc_id": "vpc-0a6b401bdcbbe1438"
          },
          "sensitive_attributes": [],
          "private": "eyJlMmJmYjczMC1lY2FhLTExZTYtOGY4OC0zNDM2M2JjN2M0YzAiOnsiY3JlYXRlIjo2MDAwMDAwMDAwMDAsImRlbGV0ZSI6MTIwMDAwMDAwMDAwMH0sInNjaGVtYV92ZXJzaW9uIjoiMSJ9",
          "dependencies": [
            "aws_vpc.stack"
          ]
        }
      ]
    },
    {
      "mode": "managed",
      "type": "aws_vpc",
      "name": "stack",
      "provider": "provider[\"registry.terraform.io/hashicorp/aws\"]",
      "instances": [
        {
          "schema_version": 1,
          "attributes": {
            "arn": "arn:aws:ec2:us-east-1:601467590780:vpc/vpc-0a6b401bdcbbe1438",
            "assign_generated_ipv6_cidr_block": false,
            "cidr_block": "192.168.0.0/16",
            "default_network_acl_id": "acl-0044a42965a7b09d0",
            "default_route_table_id": "rtb-0b48499e69e028cdd",
            "default_security_group_id": "sg-06b66b97e34b88e36",
            "dhcp_options_id": "dopt-0802af8101aea5c89",
            "enable_classiclink": false,
            "enable_classiclink_dns_support": false,
            "enable_dns_hostnames": true,
            "enable_dns_support": true,
            "id": "vpc-0a6b401bdcbbe1438",
            "instance_tenancy": "default",
            "ipv6_association_id": "",
            "ipv6_cidr_block": "",
            "main_route_table_id": "rtb-0b48499e69e028cdd",
            "owner_id": "601467590780",
            "tags": {
              "kubernetes.io/cluster/stack-cluster": "shared"
            },
            "tags_all": {
              "kubernetes.io/cluster/stack-cluster": "shared"
            }
          },
          "sensitive_attributes": [],
          "private": "eyJzY2hlbWFfdmVyc2lvbiI6IjEifQ=="
        }
      ]
    }
  ]
}
