{
  "version": 4,
  "terraform_version": "0.15.3",
  "serial": 216,
  "lineage": "6bbb1882-c498-1929-4210-2021afa59b86",
  "outputs": {
    "endpoint": {
      "value": "aws_eks_cluster.stack-eks.endpoint",
      "type": "string"
    },
    "kubeconfig-certificate-authority-data": {
      "value": "aws_eks_cluster.stack.certificate_authority[0].data",
      "type": "string"
    }
  },
  "resources": [
    {
      "mode": "data",
      "type": "aws_subnet_ids",
      "name": "stack",
      "provider": "provider[\"registry.terraform.io/hashicorp/aws\"]",
      "instances": [
        {
          "schema_version": 0,
          "attributes": {
            "filter": null,
            "id": "vpc-00efb3a8311465ed8",
            "ids": [
              "subnet-079514128c8739390",
              "subnet-0d3cf07d3389fad51",
              "subnet-0d92c56ff5c55eec7"
            ],
            "tags": null,
            "vpc_id": "vpc-00efb3a8311465ed8"
          },
          "sensitive_attributes": []
        }
      ]
    },
    {
      "mode": "managed",
      "type": "aws_ecr_repository",
      "name": "stack",
      "provider": "provider[\"registry.terraform.io/hashicorp/aws\"]",
      "instances": [
        {
          "schema_version": 0,
          "attributes": {
            "arn": "arn:aws:ecr:us-east-1:601467590780:repository/stack",
            "encryption_configuration": [
              {
                "encryption_type": "AES256",
                "kms_key": ""
              }
            ],
            "id": "stack",
            "image_scanning_configuration": [
              {
                "scan_on_push": false
              }
            ],
            "image_tag_mutability": "MUTABLE",
            "name": "stack",
            "registry_id": "601467590780",
            "repository_url": "601467590780.dkr.ecr.us-east-1.amazonaws.com/stack",
            "tags": {},
            "tags_all": {},
            "timeouts": null
          },
          "sensitive_attributes": [],
          "private": "eyJlMmJmYjczMC1lY2FhLTExZTYtOGY4OC0zNDM2M2JjN2M0YzAiOnsiZGVsZXRlIjoxMjAwMDAwMDAwMDAwfX0="
        }
      ]
    },
    {
      "mode": "managed",
      "type": "aws_eks_cluster",
      "name": "stack-eks",
      "provider": "provider[\"registry.terraform.io/hashicorp/aws\"]",
      "instances": [
        {
          "schema_version": 0,
          "attributes": {
            "arn": "arn:aws:eks:us-east-1:601467590780:cluster/stack-cluster",
            "certificate_authority": [
              {
                "data": "LS0tLS1CRUdJTiBDRVJUSUZJQ0FURS0tLS0tCk1JSUM1ekNDQWMrZ0F3SUJBZ0lCQURBTkJna3Foa2lHOXcwQkFRc0ZBREFWTVJNd0VRWURWUVFERXdwcmRXSmwKY201bGRHVnpNQjRYRFRJeE1EWXdNakl3TlRFME1Wb1hEVE14TURVek1USXdOVEUwTVZvd0ZURVRNQkVHQTFVRQpBeE1LYTNWaVpYSnVaWFJsY3pDQ0FTSXdEUVlKS29aSWh2Y05BUUVCQlFBRGdnRVBBRENDQVFvQ2dnRUJBTlFUCnZOcnBzK3VFcUhYMDFhN1Jsc1VqQVgxNURpYjdlTzc5NkdScUpNOEc0dmFqbWh6VVIyemVydVRKZksyK0dVdVIKZUJHUzhzeXZPMHY1OG93ZTZoSFNxWWE4MnNyckNNakxEVTRGTlFNM0JMMXV1ZDlPVTlLMkpSblhmNjZvQTdMNwpGbG5RUEdtUGZQMW1DcjliZmcxakZhdGJjK29ORnAyOU9TRHRkZ2R5M0pseThrRlN2WGp1Y1gvUDY1YkM2K09BCmJrbTBNRlRUa0FhZGx4V0hFYkZQdUwwendUVTk1L1NianJQUnBtelA2cWlpS1AveEl2S00wc2FMOTBxb3NCU0oKRmRDOXlZTElVMTQrS1R4dlNVUXpnM3JDSXNhKzRoanlMODQwT0l4Z2NFV1d6Mk9VR2UzL25SVS9XQWVQZGFmcwpNV2xyV0NpZEVJeEZjamgreDRzQ0F3RUFBYU5DTUVBd0RnWURWUjBQQVFIL0JBUURBZ0trTUE4R0ExVWRFd0VCCi93UUZNQU1CQWY4d0hRWURWUjBPQkJZRUZQdVlkeHp6SDZZcmlCK0xwRjdESDFBT1lUMzNNQTBHQ1NxR1NJYjMKRFFFQkN3VUFBNElCQVFCNTYrV2ZlS1B0YzFZbk54czRDTXdsajNORjRHbGJyZjdKaWpaOHJCWk82dW5aWVMxOQowZWswaFdiRTA1Nk9lU21zeDYzT3lpVWhWTjhqNnJ1Y24yWnNaeGszSXkySHgrM2ZpTlRqVVNOR1JlcUJzc21RCkRRRUZlMWlzbU9TeDhkWFZRZTlMdDhKLzJCdmVOamtVa2xCUzJZUWcrMS9yaWkwRG13REJBNGhONXdBNkVMRE4KejdaOWNXdFZmeUdMS1B5T0tpNVVQVFd2VHltZFR2eFpRZjlac0dEajZ5a3lWSmdrc1Iyc2tORlMwd3lQNjhvKwpqVlZxRjVTNElJYkhYN3d1NUhDLzUvUkdjc0lveTRVZWEyR2VKcjE4ZjVHS0hmU0dIVjh1WTRrT09RTmd6dDBzCnNXVHM0REdZVDlyUGYyd1g5b0ZkWjJqd2Z5LzUxUVVBNi9KWQotLS0tLUVORCBDRVJUSUZJQ0FURS0tLS0tCg=="
              }
            ],
            "created_at": "2021-06-02 20:45:40.056 +0000 UTC",
            "enabled_cluster_log_types": [],
            "encryption_config": [],
            "endpoint": "https://A9BD61B885140B9CE7C8B7D284B5C93E.gr7.us-east-1.eks.amazonaws.com",
            "id": "stack-cluster",
            "identity": [
              {
                "oidc": [
                  {
                    "issuer": "https://oidc.eks.us-east-1.amazonaws.com/id/A9BD61B885140B9CE7C8B7D284B5C93E"
                  }
                ]
              }
            ],
            "kubernetes_network_config": [
              {
                "service_ipv4_cidr": "10.100.0.0/16"
              }
            ],
            "name": "stack-cluster",
            "platform_version": "eks.5",
            "role_arn": "arn:aws:iam::601467590780:role/eks-cluster-stack",
            "status": "ACTIVE",
            "tags": {},
            "tags_all": {},
            "timeouts": null,
            "version": "1.19",
            "vpc_config": [
              {
                "cluster_security_group_id": "sg-09a4de3cfe63bd2be",
                "endpoint_private_access": false,
                "endpoint_public_access": true,
                "public_access_cidrs": [
                  "0.0.0.0/0"
                ],
                "security_group_ids": [],
                "subnet_ids": [
                  "subnet-079514128c8739390",
                  "subnet-0d3cf07d3389fad51",
                  "subnet-0d92c56ff5c55eec7"
                ],
                "vpc_id": "vpc-00efb3a8311465ed8"
              }
            ]
          },
          "sensitive_attributes": [],
          "private": "eyJlMmJmYjczMC1lY2FhLTExZTYtOGY4OC0zNDM2M2JjN2M0YzAiOnsiY3JlYXRlIjoxODAwMDAwMDAwMDAwLCJkZWxldGUiOjkwMDAwMDAwMDAwMCwidXBkYXRlIjozNjAwMDAwMDAwMDAwfX0=",
          "dependencies": [
            "aws_iam_role.stack-k8s-cluster",
            "aws_iam_role_policy_attachment.stack-AmazonEKSClusterPolicy",
            "aws_iam_role_policy_attachment.stack-AmazonEKSVPCResourceController",
            "aws_subnet.stack-1",
            "aws_subnet.stack-2",
            "aws_subnet.stack-3",
            "aws_vpc.stack",
            "data.aws_subnet_ids.stack"
          ]
        }
      ]
    },
    {
      "mode": "managed",
      "type": "aws_eks_node_group",
      "name": "stack-eks",
      "provider": "provider[\"registry.terraform.io/hashicorp/aws\"]",
      "instances": [
        {
          "status": "tainted",
          "schema_version": 0,
          "attributes": {
            "ami_type": null,
            "arn": null,
            "capacity_type": null,
            "cluster_name": "stack-cluster",
            "disk_size": null,
            "force_update_version": null,
            "id": "stack-cluster:stack-nodes",
            "instance_types": null,
            "labels": null,
            "launch_template": [],
            "node_group_name": "stack-nodes",
            "node_group_name_prefix": null,
            "node_role_arn": "arn:aws:iam::601467590780:role/eks-worker-stack",
            "release_version": null,
            "remote_access": [],
            "resources": null,
            "scaling_config": [
              {
                "desired_size": 1,
                "max_size": 1,
                "min_size": 1
              }
            ],
            "status": null,
            "subnet_ids": [
              "subnet-079514128c8739390",
              "subnet-0d3cf07d3389fad51",
              "subnet-0d92c56ff5c55eec7"
            ],
            "tags": null,
            "tags_all": null,
            "taint": [],
            "timeouts": null,
            "version": null
          },
          "sensitive_attributes": [],
          "private": "eyJlMmJmYjczMC1lY2FhLTExZTYtOGY4OC0zNDM2M2JjN2M0YzAiOnsiY3JlYXRlIjozNjAwMDAwMDAwMDAwLCJkZWxldGUiOjM2MDAwMDAwMDAwMDAsInVwZGF0ZSI6MzYwMDAwMDAwMDAwMH19",
          "dependencies": [
            "aws_eks_cluster.stack-eks",
            "aws_iam_role.stack-k8s-worker",
            "aws_iam_role_policy_attachment.stack-AmazonEC2ContainerRegistryReadOnly",
            "aws_iam_role_policy_attachment.stack-AmazonEKSWorkerNodePolicy",
            "aws_iam_role_policy_attachment.stack-AmazonEKS_CNI_Policy",
            "data.aws_subnet_ids.stack"
          ]
        }
      ]
    },
    {
      "mode": "managed",
      "type": "aws_iam_role",
      "name": "stack-k8s-cluster",
      "provider": "provider[\"registry.terraform.io/hashicorp/aws\"]",
      "instances": [
        {
          "schema_version": 0,
          "attributes": {
            "arn": "arn:aws:iam::601467590780:role/eks-cluster-stack",
            "assume_role_policy": "{\"Version\":\"2012-10-17\",\"Statement\":[{\"Effect\":\"Allow\",\"Principal\":{\"Service\":\"eks.amazonaws.com\"},\"Action\":\"sts:AssumeRole\"}]}",
            "create_date": "2021-06-02T20:41:19Z",
            "description": "",
            "force_detach_policies": false,
            "id": "eks-cluster-stack",
            "inline_policy": [
              {
                "name": "",
                "policy": ""
              }
            ],
            "managed_policy_arns": [
              "arn:aws:iam::aws:policy/AmazonEKSClusterPolicy",
              "arn:aws:iam::aws:policy/AmazonEKSVPCResourceController"
            ],
            "max_session_duration": 3600,
            "name": "eks-cluster-stack",
            "name_prefix": null,
            "path": "/",
            "permissions_boundary": null,
            "tags": {},
            "tags_all": {},
            "unique_id": "AROAYYCSDDB6BW24K3NV7"
          },
          "sensitive_attributes": [],
          "private": "bnVsbA=="
        }
      ]
    },
    {
      "mode": "managed",
      "type": "aws_iam_role",
      "name": "stack-k8s-worker",
      "provider": "provider[\"registry.terraform.io/hashicorp/aws\"]",
      "instances": [
        {
          "schema_version": 0,
          "attributes": {
            "arn": "arn:aws:iam::601467590780:role/eks-worker-stack",
            "assume_role_policy": "{\"Version\":\"2012-10-17\",\"Statement\":[{\"Effect\":\"Allow\",\"Principal\":{\"Service\":\"ec2.amazonaws.com\"},\"Action\":\"sts:AssumeRole\"}]}",
            "create_date": "2021-06-02T20:41:19Z",
            "description": "",
            "force_detach_policies": false,
            "id": "eks-worker-stack",
            "inline_policy": [
              {
                "name": "",
                "policy": ""
              }
            ],
            "managed_policy_arns": [
              "arn:aws:iam::aws:policy/AmazonEC2ContainerRegistryReadOnly",
              "arn:aws:iam::aws:policy/AmazonEKSWorkerNodePolicy",
              "arn:aws:iam::aws:policy/AmazonEKS_CNI_Policy"
            ],
            "max_session_duration": 3600,
            "name": "eks-worker-stack",
            "name_prefix": null,
            "path": "/",
            "permissions_boundary": null,
            "tags": {},
            "tags_all": {},
            "unique_id": "AROAYYCSDDB6PHQQQ5O77"
          },
          "sensitive_attributes": [],
          "private": "bnVsbA=="
        }
      ]
    },
    {
      "mode": "managed",
      "type": "aws_iam_role_policy_attachment",
      "name": "stack-AmazonEC2ContainerRegistryReadOnly",
      "provider": "provider[\"registry.terraform.io/hashicorp/aws\"]",
      "instances": [
        {
          "schema_version": 0,
          "attributes": {
            "id": "eks-worker-stack-20210602204119903900000003",
            "policy_arn": "arn:aws:iam::aws:policy/AmazonEC2ContainerRegistryReadOnly",
            "role": "eks-worker-stack"
          },
          "sensitive_attributes": [],
          "private": "bnVsbA==",
          "dependencies": [
            "aws_iam_role.stack-k8s-worker"
          ]
        }
      ]
    },
    {
      "mode": "managed",
      "type": "aws_iam_role_policy_attachment",
      "name": "stack-AmazonEKSClusterPolicy",
      "provider": "provider[\"registry.terraform.io/hashicorp/aws\"]",
      "instances": [
        {
          "schema_version": 0,
          "attributes": {
            "id": "eks-cluster-stack-20210602204119860700000001",
            "policy_arn": "arn:aws:iam::aws:policy/AmazonEKSClusterPolicy",
            "role": "eks-cluster-stack"
          },
          "sensitive_attributes": [],
          "private": "bnVsbA==",
          "dependencies": [
            "aws_iam_role.stack-k8s-cluster"
          ]
        }
      ]
    },
    {
      "mode": "managed",
      "type": "aws_iam_role_policy_attachment",
      "name": "stack-AmazonEKSVPCResourceController",
      "provider": "provider[\"registry.terraform.io/hashicorp/aws\"]",
      "instances": [
        {
          "schema_version": 0,
          "attributes": {
            "id": "eks-cluster-stack-20210602204119866000000002",
            "policy_arn": "arn:aws:iam::aws:policy/AmazonEKSVPCResourceController",
            "role": "eks-cluster-stack"
          },
          "sensitive_attributes": [],
          "private": "bnVsbA==",
          "dependencies": [
            "aws_iam_role.stack-k8s-cluster"
          ]
        }
      ]
    },
    {
      "mode": "managed",
      "type": "aws_iam_role_policy_attachment",
      "name": "stack-AmazonEKSWorkerNodePolicy",
      "provider": "provider[\"registry.terraform.io/hashicorp/aws\"]",
      "instances": [
        {
          "schema_version": 0,
          "attributes": {
            "id": "eks-worker-stack-20210602204119948100000004",
            "policy_arn": "arn:aws:iam::aws:policy/AmazonEKSWorkerNodePolicy",
            "role": "eks-worker-stack"
          },
          "sensitive_attributes": [],
          "private": "bnVsbA==",
          "dependencies": [
            "aws_iam_role.stack-k8s-worker"
          ]
        }
      ]
    },
    {
      "mode": "managed",
      "type": "aws_iam_role_policy_attachment",
      "name": "stack-AmazonEKS_CNI_Policy",
      "provider": "provider[\"registry.terraform.io/hashicorp/aws\"]",
      "instances": [
        {
          "schema_version": 0,
          "attributes": {
            "id": "eks-worker-stack-20210602204119951000000005",
            "policy_arn": "arn:aws:iam::aws:policy/AmazonEKS_CNI_Policy",
            "role": "eks-worker-stack"
          },
          "sensitive_attributes": [],
          "private": "bnVsbA==",
          "dependencies": [
            "aws_iam_role.stack-k8s-worker"
          ]
        }
      ]
    },
    {
      "mode": "managed",
      "type": "aws_subnet",
      "name": "stack-1",
      "provider": "provider[\"registry.terraform.io/hashicorp/aws\"]",
      "instances": [
        {
          "schema_version": 1,
          "attributes": {
            "arn": "arn:aws:ec2:us-east-1:601467590780:subnet/subnet-079514128c8739390",
            "assign_ipv6_address_on_creation": false,
            "availability_zone": "us-east-1a",
            "availability_zone_id": "use1-az4",
            "cidr_block": "192.168.64.0/18",
            "customer_owned_ipv4_pool": "",
            "id": "subnet-079514128c8739390",
            "ipv6_cidr_block": "",
            "ipv6_cidr_block_association_id": "",
            "map_customer_owned_ip_on_launch": false,
            "map_public_ip_on_launch": false,
            "outpost_arn": "",
            "owner_id": "601467590780",
            "tags": {
              "kubernetes.io/cluster/stack-cluster": "shared"
            },
            "tags_all": {
              "kubernetes.io/cluster/stack-cluster": "shared"
            },
            "timeouts": null,
            "vpc_id": "vpc-00efb3a8311465ed8"
          },
          "sensitive_attributes": [],
          "private": "eyJlMmJmYjczMC1lY2FhLTExZTYtOGY4OC0zNDM2M2JjN2M0YzAiOnsiY3JlYXRlIjo2MDAwMDAwMDAwMDAsImRlbGV0ZSI6MTIwMDAwMDAwMDAwMH0sInNjaGVtYV92ZXJzaW9uIjoiMSJ9",
          "dependencies": [
            "aws_vpc.stack"
          ]
        }
      ]
    },
    {
      "mode": "managed",
      "type": "aws_subnet",
      "name": "stack-2",
      "provider": "provider[\"registry.terraform.io/hashicorp/aws\"]",
      "instances": [
        {
          "schema_version": 1,
          "attributes": {
            "arn": "arn:aws:ec2:us-east-1:601467590780:subnet/subnet-0d92c56ff5c55eec7",
            "assign_ipv6_address_on_creation": false,
            "availability_zone": "us-east-1c",
            "availability_zone_id": "use1-az1",
            "cidr_block": "192.168.128.0/18",
            "customer_owned_ipv4_pool": "",
            "id": "subnet-0d92c56ff5c55eec7",
            "ipv6_cidr_block": "",
            "ipv6_cidr_block_association_id": "",
            "map_customer_owned_ip_on_launch": false,
            "map_public_ip_on_launch": false,
            "outpost_arn": "",
            "owner_id": "601467590780",
            "tags": {
              "kubernetes.io/cluster/stack-cluster": "shared"
            },
            "tags_all": {
              "kubernetes.io/cluster/stack-cluster": "shared"
            },
            "timeouts": null,
            "vpc_id": "vpc-00efb3a8311465ed8"
          },
          "sensitive_attributes": [],
          "private": "eyJlMmJmYjczMC1lY2FhLTExZTYtOGY4OC0zNDM2M2JjN2M0YzAiOnsiY3JlYXRlIjo2MDAwMDAwMDAwMDAsImRlbGV0ZSI6MTIwMDAwMDAwMDAwMH0sInNjaGVtYV92ZXJzaW9uIjoiMSJ9",
          "dependencies": [
            "aws_vpc.stack"
          ]
        }
      ]
    },
    {
      "mode": "managed",
      "type": "aws_subnet",
      "name": "stack-3",
      "provider": "provider[\"registry.terraform.io/hashicorp/aws\"]",
      "instances": [
        {
          "schema_version": 1,
          "attributes": {
            "arn": "arn:aws:ec2:us-east-1:601467590780:subnet/subnet-0d3cf07d3389fad51",
            "assign_ipv6_address_on_creation": false,
            "availability_zone": "us-east-1e",
            "availability_zone_id": "use1-az2",
            "cidr_block": "192.168.192.0/18",
            "customer_owned_ipv4_pool": "",
            "id": "subnet-0d3cf07d3389fad51",
            "ipv6_cidr_block": "",
            "ipv6_cidr_block_association_id": "",
            "map_customer_owned_ip_on_launch": false,
            "map_public_ip_on_launch": false,
            "outpost_arn": "",
            "owner_id": "601467590780",
            "tags": {
              "kubernetes.io/cluster/stack-cluster": "shared"
            },
            "tags_all": {
              "kubernetes.io/cluster/stack-cluster": "shared"
            },
            "timeouts": null,
            "vpc_id": "vpc-00efb3a8311465ed8"
          },
          "sensitive_attributes": [],
          "private": "eyJlMmJmYjczMC1lY2FhLTExZTYtOGY4OC0zNDM2M2JjN2M0YzAiOnsiY3JlYXRlIjo2MDAwMDAwMDAwMDAsImRlbGV0ZSI6MTIwMDAwMDAwMDAwMH0sInNjaGVtYV92ZXJzaW9uIjoiMSJ9",
          "dependencies": [
            "aws_vpc.stack"
          ]
        }
      ]
    },
    {
      "mode": "managed",
      "type": "aws_vpc",
      "name": "stack",
      "provider": "provider[\"registry.terraform.io/hashicorp/aws\"]",
      "instances": [
        {
          "schema_version": 1,
          "attributes": {
            "arn": "arn:aws:ec2:us-east-1:601467590780:vpc/vpc-00efb3a8311465ed8",
            "assign_generated_ipv6_cidr_block": false,
            "cidr_block": "192.168.0.0/16",
            "default_network_acl_id": "acl-0ba3753561b273813",
            "default_route_table_id": "rtb-0b5df1a83161b4141",
            "default_security_group_id": "sg-06deee757dd3e042d",
            "dhcp_options_id": "dopt-0802af8101aea5c89",
            "enable_classiclink": false,
            "enable_classiclink_dns_support": false,
            "enable_dns_hostnames": false,
            "enable_dns_support": true,
            "id": "vpc-00efb3a8311465ed8",
            "instance_tenancy": "default",
            "ipv6_association_id": "",
            "ipv6_cidr_block": "",
            "main_route_table_id": "rtb-0b5df1a83161b4141",
            "owner_id": "601467590780",
            "tags": {},
            "tags_all": {}
          },
          "sensitive_attributes": [],
          "private": "eyJzY2hlbWFfdmVyc2lvbiI6IjEifQ=="
        }
      ]
    }
  ]
}
